
Microsoft Visual Studio Solution File, Format Version 12.00
# Visual Studio 14
VisualStudioVersion = 14.0.25420.1
MinimumVisualStudioVersion = 10.0.40219.1
Project("{FAE04EC0-301F-11D3-BF4B-00C04F79EFBC}") = "NFine.WinForm", "NFine.WinForm\NFine.WinForm.csproj", "{326CD383-6D29-475A-A379-55546750DA9A}"
EndProject
Project("{2150E333-8FDC-42A3-9474-1A3956D46DE8}") = "05 SystemManager", "05 SystemManager", "{F4DBF0C9-6243-4410-BED3-768BC3D48B3B}"
EndProject
Global
	GlobalSection(SolutionConfigurationPlatforms) = preSolution
		Debug|Any CPU = Debug|Any CPU
		Release|Any CPU = Release|Any CPU
	EndGlobalSection
	GlobalSection(ProjectConfigurationPlatforms) = postSolution
		{326CD383-6D29-475A-A379-55546750DA9A}.Debug|Any CPU.ActiveCfg = Debug|Any CPU
		{326CD383-6D29-475A-A379-55546750DA9A}.Debug|Any CPU.Build.0 = Debug|Any CPU
		{326CD383-6D29-475A-A379-55546750DA9A}.Release|Any CPU.ActiveCfg = Release|Any CPU
		{326CD383-6D29-475A-A379-55546750DA9A}.Release|Any CPU.Build.0 = Release|Any CPU
	EndGlobalSection
	GlobalSection(SolutionProperties) = preSolution
		HideSolutionNode = FALSE
	EndGlobalSection
	GlobalSection(NestedProjects) = preSolution
		{326CD383-6D29-475A-A379-55546750DA9A} = {F4DBF0C9-6243-4410-BED3-768BC3D48B3B}
	EndGlobalSection
EndGlobal
